# THIS IS AN AUTOGENERATED FILE. DO NOT EDIT THIS FILE DIRECTLY.
# yarn lockfile v1


tailwindcss@4.1.0:
  version "4.1.0"
  resolved "https://registry.yarnpkg.com/tailwindcss/-/tailwindcss-4.1.0.tgz#f51694989c82116a07049db6c0c110aec4d7298c"
  integrity sha512-vBYstoFnvUZCDxaauNGQQEvJNQgCd1vSMDRYuZZMH1xRRcTboOk1rJrW5yFkEabU9X6Yx1C4LQ+QvPOvQj4Daw==
